<?xml version="1.0" encoding="UTF-8" standalone="yes" ?>
<CodeBlocks_project_file>
	<FileVersion major="1" minor="6" />
	<Project>
		<Option title="smartRNS_UDP_updater" />
		<Option pch_mode="2" />
		<Option compiler="gcc" />
		<Build>
			<Target title="Debug">
				<Option output="bin/Debug/smartRNS_UDP_updater" prefix_auto="1" extension_auto="1" />
				<Option object_output="obj/Debug/" />
				<Option type="1" />
				<Option compiler="gcc" />
				<Option parameters="vcrs sha256@test.smartrns.net" />
				<Compiler>
					<Add option="-g" />
				</Compiler>
			</Target>
			<Target title="Release">
				<Option output="bin/Release/smartRNS_UDP_updater" prefix_auto="1" extension_auto="1" />
				<Option object_output="obj/Release/" />
				<Option type="1" />
				<Option compiler="gcc" />
				<Compiler>
					<Add option="-O2" />
				</Compiler>
				<Linker>
					<Add option="-s" />
				</Linker>
			</Target>
		</Build>
		<Compiler>
			<Add option="-Wall" />
			<Add option="-fexceptions" />
		</Compiler>
		<Unit filename="UDPinterface.cpp" />
		<Unit filename="UDPinterface.h" />
		<Unit filename="configuration.cpp" />
		<Unit filename="configuration.h" />
		<Unit filename="coreops.cpp" />
		<Unit filename="coreops.h" />
		<Unit filename="crypto.cpp" />
		<Unit filename="crypto.h" />
		<Unit filename="data.cpp" />
		<Unit filename="data.h" />
		<Unit filename="dnsquery.cpp" />
		<Unit filename="dnsquery.h" />
		<Unit filename="main.cpp" />
		<Unit filename="parse.cpp" />
		<Unit filename="parse.h" />
		<Extensions>
			<code_completion />
			<debugger />
		</Extensions>
	</Project>
</CodeBlocks_project_file>
